
Microsoft Visual Studio Solution File, Format Version 12.00
# Visual Studio Version 17
VisualStudioVersion = 17.8.34525.116
MinimumVisualStudioVersion = 10.0.40219.1
Project("{FAE04EC0-301F-11D3-BF4B-00C04F79EFBC}") = "01.Hello_World", "01.Hello_World.csproj", "{3726AEA7-182F-43A7-A71E-4F203499D8C0}"
EndProject
Global
	GlobalSection(SolutionConfigurationPlatforms) = preSolution
		Debug|Any CPU = Debug|Any CPU
		Release|Any CPU = Release|Any CPU
	EndGlobalSection
	GlobalSection(ProjectConfigurationPlatforms) = postSolution
		{3726AEA7-182F-43A7-A71E-4F203499D8C0}.Debug|Any CPU.ActiveCfg = Debug|Any CPU
		{3726AEA7-182F-43A7-A71E-4F203499D8C0}.Debug|Any CPU.Build.0 = Debug|Any CPU
		{3726AEA7-182F-43A7-A71E-4F203499D8C0}.Release|Any CPU.ActiveCfg = Release|Any CPU
		{3726AEA7-182F-43A7-A71E-4F203499D8C0}.Release|Any CPU.Build.0 = Release|Any CPU
	EndGlobalSection
	GlobalSection(SolutionProperties) = preSolution
		HideSolutionNode = FALSE
	EndGlobalSection
	GlobalSection(ExtensibilityGlobals) = postSolution
		SolutionGuid = {C292FD73-EA90-48DC-9090-282E5AF67638}
	EndGlobalSection
EndGlobal
