
Microsoft Visual Studio Solution File, Format Version 12.00
# Visual Studio Version 17
VisualStudioVersion = 17.8.34316.72
MinimumVisualStudioVersion = 10.0.40219.1
Project("{FAE04EC0-301F-11D3-BF4B-00C04F79EFBC}") = "01.Hello_World", "01.Hello_World.csproj", "{FA6AAD07-864A-4067-9FFF-202971A2C1A1}"
EndProject
Global
	GlobalSection(SolutionConfigurationPlatforms) = preSolution
		Debug|Any CPU = Debug|Any CPU
		Release|Any CPU = Release|Any CPU
	EndGlobalSection
	GlobalSection(ProjectConfigurationPlatforms) = postSolution
		{FA6AAD07-864A-4067-9FFF-202971A2C1A1}.Debug|Any CPU.ActiveCfg = Debug|Any CPU
		{FA6AAD07-864A-4067-9FFF-202971A2C1A1}.Debug|Any CPU.Build.0 = Debug|Any CPU
		{FA6AAD07-864A-4067-9FFF-202971A2C1A1}.Release|Any CPU.ActiveCfg = Release|Any CPU
		{FA6AAD07-864A-4067-9FFF-202971A2C1A1}.Release|Any CPU.Build.0 = Release|Any CPU
	EndGlobalSection
	GlobalSection(SolutionProperties) = preSolution
		HideSolutionNode = FALSE
	EndGlobalSection
	GlobalSection(ExtensibilityGlobals) = postSolution
		SolutionGuid = {7A33829E-CD54-4AE2-A6A3-D76B39534420}
	EndGlobalSection
EndGlobal
